
Microsoft Visual Studio Solution File, Format Version 12.00
# Visual Studio Version 16
VisualStudioVersion = 16.0.31424.327
MinimumVisualStudioVersion = 10.0.40219.1
Project("{9A19103F-16F7-4668-BE54-9A1E7A4F7556}") = "DotNetCore_AutoLotDAL.Models", "DotNetCore_AutoLotDAL.Models\DotNetCore_AutoLotDAL.Models.csproj", "{A4CF2FF8-221A-432C-BC87-766F1737A647}"
EndProject
Project("{9A19103F-16F7-4668-BE54-9A1E7A4F7556}") = "DotNetCore_AutoLotDAL", "DotNetCore_AutoLotDAL\DotNetCore_AutoLotDAL.csproj", "{B915ACA8-F212-4B5E-97C7-17C4A79BC351}"
EndProject
Project("{FAE04EC0-301F-11D3-BF4B-00C04F79EFBC}") = "DotNetCoreMvc_AutoLotSite", "DotNetCoreMvc_AutoLotSite\DotNetCoreMvc_AutoLotSite.csproj", "{73E3FC87-3C4C-4CB3-B8CB-46CCF1D7DA1C}"
EndProject
Global
	GlobalSection(SolutionConfigurationPlatforms) = preSolution
		Debug|Any CPU = Debug|Any CPU
		Release|Any CPU = Release|Any CPU
	EndGlobalSection
	GlobalSection(ProjectConfigurationPlatforms) = postSolution
		{A4CF2FF8-221A-432C-BC87-766F1737A647}.Debug|Any CPU.ActiveCfg = Debug|Any CPU
		{A4CF2FF8-221A-432C-BC87-766F1737A647}.Debug|Any CPU.Build.0 = Debug|Any CPU
		{A4CF2FF8-221A-432C-BC87-766F1737A647}.Release|Any CPU.ActiveCfg = Release|Any CPU
		{A4CF2FF8-221A-432C-BC87-766F1737A647}.Release|Any CPU.Build.0 = Release|Any CPU
		{B915ACA8-F212-4B5E-97C7-17C4A79BC351}.Debug|Any CPU.ActiveCfg = Debug|Any CPU
		{B915ACA8-F212-4B5E-97C7-17C4A79BC351}.Debug|Any CPU.Build.0 = Debug|Any CPU
		{B915ACA8-F212-4B5E-97C7-17C4A79BC351}.Release|Any CPU.ActiveCfg = Release|Any CPU
		{B915ACA8-F212-4B5E-97C7-17C4A79BC351}.Release|Any CPU.Build.0 = Release|Any CPU
		{73E3FC87-3C4C-4CB3-B8CB-46CCF1D7DA1C}.Debug|Any CPU.ActiveCfg = Debug|Any CPU
		{73E3FC87-3C4C-4CB3-B8CB-46CCF1D7DA1C}.Debug|Any CPU.Build.0 = Debug|Any CPU
		{73E3FC87-3C4C-4CB3-B8CB-46CCF1D7DA1C}.Release|Any CPU.ActiveCfg = Release|Any CPU
		{73E3FC87-3C4C-4CB3-B8CB-46CCF1D7DA1C}.Release|Any CPU.Build.0 = Release|Any CPU
	EndGlobalSection
	GlobalSection(SolutionProperties) = preSolution
		HideSolutionNode = FALSE
	EndGlobalSection
	GlobalSection(ExtensibilityGlobals) = postSolution
		SolutionGuid = {9C94F419-B6D0-4BED-AD8A-BB5481D6A0CE}
	EndGlobalSection
EndGlobal
